
Microsoft Visual Studio Solution File, Format Version 12.00
# Visual Studio Version 16
VisualStudioVersion = 16.0.32630.194
MinimumVisualStudioVersion = 10.0.40219.1
Project("{FAE04EC0-301F-11D3-BF4B-00C04F79EFBC}") = "Semana8Ejercicio1", "Semana8Ejercicio1\Semana8Ejercicio1.csproj", "{3789D9AE-5914-4A09-9A6C-80E0332A28CD}"
EndProject
Project("{FAE04EC0-301F-11D3-BF4B-00C04F79EFBC}") = "Ejercicio2", "Practica2\Ejercicio2.csproj", "{A1A54AB3-9682-4732-B258-607C95121E66}"
EndProject
Global
	GlobalSection(SolutionConfigurationPlatforms) = preSolution
		Debug|Any CPU = Debug|Any CPU
		Release|Any CPU = Release|Any CPU
	EndGlobalSection
	GlobalSection(ProjectConfigurationPlatforms) = postSolution
		{3789D9AE-5914-4A09-9A6C-80E0332A28CD}.Debug|Any CPU.ActiveCfg = Debug|Any CPU
		{3789D9AE-5914-4A09-9A6C-80E0332A28CD}.Debug|Any CPU.Build.0 = Debug|Any CPU
		{3789D9AE-5914-4A09-9A6C-80E0332A28CD}.Release|Any CPU.ActiveCfg = Release|Any CPU
		{3789D9AE-5914-4A09-9A6C-80E0332A28CD}.Release|Any CPU.Build.0 = Release|Any CPU
		{A1A54AB3-9682-4732-B258-607C95121E66}.Debug|Any CPU.ActiveCfg = Debug|Any CPU
		{A1A54AB3-9682-4732-B258-607C95121E66}.Debug|Any CPU.Build.0 = Debug|Any CPU
		{A1A54AB3-9682-4732-B258-607C95121E66}.Release|Any CPU.ActiveCfg = Release|Any CPU
		{A1A54AB3-9682-4732-B258-607C95121E66}.Release|Any CPU.Build.0 = Release|Any CPU
	EndGlobalSection
	GlobalSection(SolutionProperties) = preSolution
		HideSolutionNode = FALSE
	EndGlobalSection
	GlobalSection(ExtensibilityGlobals) = postSolution
		SolutionGuid = {E31F0CF8-FD5D-436D-944E-B7A6CDE7E0B0}
	EndGlobalSection
EndGlobal
